PODS:
  - DynamicButton (6.0.0)
  - Eureka (4.3.0)
  - IGListKit (3.4.0):
    - IGListKit/Default (= 3.4.0)
  - IGListKit/Default (3.4.0):
    - IGListKit/Diffing
  - IGListKit/Diffing (3.4.0)
  - Realm (3.11.2):
    - Realm/Headers (= 3.11.2)
  - Realm/Headers (3.11.2)
  - RealmSwift (3.11.2):
    - Realm (= 3.11.2)
  - REFrostedViewController (2.4.8)
  - RIBs (0.9.1):
    - RxSwift (~> 4.0)
  - RxAtomic (4.4.0)
  - RxCocoa (4.4.0):
    - RxSwift (~> 4.0)
  - RxSwift (4.4.0):
    - RxAtomic (~> 4.4)
  - SnapKit (4.2.0)
  - SVProgressHUD (2.2.5)
  - TransitionButton (0.5.2)

DEPENDENCIES:
  - DynamicButton
  - Eureka
  - IGListKit
  - Realm
  - RealmSwift
  - REFrostedViewController
  - RIBs
  - RxCocoa
  - SnapKit
  - SVProgressHUD
  - TransitionButton

SPEC REPOS:
  https://github.com/cocoapods/specs.git:
    - DynamicButton
    - Eureka
    - IGListKit
    - Realm
    - RealmSwift
    - REFrostedViewController
    - RIBs
    - RxAtomic
    - RxCocoa
    - RxSwift
    - SnapKit
    - SVProgressHUD
    - TransitionButton

SPEC CHECKSUMS:
  DynamicButton: 807c94a835c9a64068ff0479934aa81a39323334
  Eureka: 6d711cb30ca333b4bc893110285a722ae3840114
  IGListKit: 7a5d788e9fb746bcd402baa8e8b24bc3bd2a5a07
  Realm: 864477d028db77f7c5a0cba64a4892ad53db128a
  RealmSwift: 12b8262fc08020b47de4fd88eb3d5c9425b34ec7
  REFrostedViewController: a893b4979ba1f200c547aef9ff4c3fd5a18f5923
  RIBs: 879184fbca567425c488d6b3d14a9c5abfbf9d47
  RxAtomic: eacf60db868c96bfd63320e28619fe29c179656f
  RxCocoa: df63ebf7b9a70d6b4eeea407ed5dd4efc8979749
  RxSwift: 5976ecd04fc2fefd648827c23de5e11157faa973
  SnapKit: fe8a619752f3f27075cc9a90244d75c6c3f27e2a
  SVProgressHUD: 1428aafac632c1f86f62aa4243ec12008d7a51d6
  TransitionButton: fb271583d9c9e4bb116b97103047e5157653f233

PODFILE CHECKSUM: f0adaa37c108d85792ec5d9a407ce5cc0461339f

COCOAPODS: 1.5.3
