PODS:
  - DynamicButton (6.1.0)
  - Eureka (4.3.0)
  - IGListKit (3.4.0):
    - IGListKit/Default (= 3.4.0)
  - IGListKit/Default (3.4.0):
    - IGListKit/Diffing
  - IGListKit/Diffing (3.4.0)
  - Realm (3.12.0):
    - Realm/Headers (= 3.12.0)
  - Realm/Headers (3.12.0)
  - RealmSwift (3.12.0):
    - Realm (= 3.12.0)
  - REFrostedViewController (2.4.8)
  - RIBs (0.9.1):
    - RxSwift (~> 4.0)
  - RxAtomic (4.4.0)
  - RxCocoa (4.4.0):
    - RxSwift (~> 4.0)
  - RxSwift (4.4.0):
    - RxAtomic (~> 4.4)
  - SnapKit (4.2.0)
  - SVProgressHUD (2.2.5)
  - TransitionButton (0.5.2)

DEPENDENCIES:
  - DynamicButton
  - Eureka
  - IGListKit
  - Realm
  - RealmSwift
  - REFrostedViewController
  - RIBs
  - RxCocoa
  - SnapKit
  - SVProgressHUD
  - TransitionButton

SPEC REPOS:
  https://github.com/cocoapods/specs.git:
    - DynamicButton
    - Eureka
    - IGListKit
    - Realm
    - RealmSwift
    - REFrostedViewController
    - RIBs
    - RxAtomic
    - RxCocoa
    - RxSwift
    - SnapKit
    - SVProgressHUD
    - TransitionButton

SPEC CHECKSUMS:
  DynamicButton: 5a3ae2bf26dc196fb6c85b3e1aac956add860718
  Eureka: 6d711cb30ca333b4bc893110285a722ae3840114
  IGListKit: 7a5d788e9fb746bcd402baa8e8b24bc3bd2a5a07
  Realm: cdaef23c4ddb36ab1ddffed23f5a7f3332fc5585
  RealmSwift: 5576324033f0aa5ef1e0a839a3da2281dff47a7f
  REFrostedViewController: a893b4979ba1f200c547aef9ff4c3fd5a18f5923
  RIBs: 879184fbca567425c488d6b3d14a9c5abfbf9d47
  RxAtomic: eacf60db868c96bfd63320e28619fe29c179656f
  RxCocoa: df63ebf7b9a70d6b4eeea407ed5dd4efc8979749
  RxSwift: 5976ecd04fc2fefd648827c23de5e11157faa973
  SnapKit: fe8a619752f3f27075cc9a90244d75c6c3f27e2a
  SVProgressHUD: 1428aafac632c1f86f62aa4243ec12008d7a51d6
  TransitionButton: fb271583d9c9e4bb116b97103047e5157653f233

PODFILE CHECKSUM: 665e0767b2ec078e6393cc7b676e4635a6300ae3

COCOAPODS: 1.5.3
