// !$*UTF8*$!
{
	archiveVersion = 1;
	classes = {
	};
	objectVersion = 48;
	objects = {

/* Begin PBXBuildFile section */
		054BB18E6B3628A601DCE50B /* Pods_ToDoTests.framework in Frameworks */ = {isa = PBXBuildFile; fileRef = C4E4874F7ED8C2FBCB7BB86E /* Pods_ToDoTests.framework */; };
		0A0CF40820231EF20010892B /* LoggedInActionableItem.swift in Sources */ = {isa = PBXBuildFile; fileRef = 0A0CF40020231EF20010892B /* LoggedInActionableItem.swift */; };
		0A0CF40920231EF20010892B /* DrawerActionableItem.swift in Sources */ = {isa = PBXBuildFile; fileRef = 0A0CF40120231EF20010892B /* DrawerActionableItem.swift */; };
		0A0CF40A20231EF20010892B /* RootActionableItem.swift in Sources */ = {isa = PBXBuildFile; fileRef = 0A0CF40220231EF20010892B /* RootActionableItem.swift */; };
		0A0CF40B20231EF20010892B /* RootWorkflow.swift in Sources */ = {isa = PBXBuildFile; fileRef = 0A0CF40520231EF20010892B /* RootWorkflow.swift */; };
		0A0CF40C20231EF20010892B /* DeeplinkWorkflow.swift in Sources */ = {isa = PBXBuildFile; fileRef = 0A0CF40720231EF20010892B /* DeeplinkWorkflow.swift */; };
		0A0CF40E20231FA60010892B /* UINavigationController.swift in Sources */ = {isa = PBXBuildFile; fileRef = 0A0CF40D20231FA60010892B /* UINavigationController.swift */; };
		0A0CF410202321530010892B /* LoggedInComponent+Drawer.swift in Sources */ = {isa = PBXBuildFile; fileRef = 0A0CF40F202321530010892B /* LoggedInComponent+Drawer.swift */; };
		0A0CF412202324460010892B /* DrawerComponent+List.swift in Sources */ = {isa = PBXBuildFile; fileRef = 0A0CF411202324460010892B /* DrawerComponent+List.swift */; };
		0A0CF4192023D0940010892B /* MenuRouter.swift in Sources */ = {isa = PBXBuildFile; fileRef = 0A0CF4142023D0940010892B /* MenuRouter.swift */; };
		0A0CF41A2023D0940010892B /* MenuViewController.swift in Sources */ = {isa = PBXBuildFile; fileRef = 0A0CF4152023D0940010892B /* MenuViewController.swift */; };
		0A0CF41B2023D0940010892B /* MenuBuilder.swift in Sources */ = {isa = PBXBuildFile; fileRef = 0A0CF4162023D0940010892B /* MenuBuilder.swift */; };
		0A0CF41C2023D0940010892B /* MenuInteractor.swift in Sources */ = {isa = PBXBuildFile; fileRef = 0A0CF4172023D0940010892B /* MenuInteractor.swift */; };
		0A0CF41D2023D0940010892B /* MenuViewController.xib in Resources */ = {isa = PBXBuildFile; fileRef = 0A0CF4182023D0940010892B /* MenuViewController.xib */; };
		0A0CF41F2023D0B50010892B /* DrawerComponent+Menu.swift in Sources */ = {isa = PBXBuildFile; fileRef = 0A0CF41E2023D0B50010892B /* DrawerComponent+Menu.swift */; };
		0A0CF4212023D45B0010892B /* ListViewController.xib in Resources */ = {isa = PBXBuildFile; fileRef = 0A0CF4202023D45B0010892B /* ListViewController.xib */; };
		0A0CF4232023DDCD0010892B /* ListActionableItem.swift in Sources */ = {isa = PBXBuildFile; fileRef = 0A0CF4222023DDCD0010892B /* ListActionableItem.swift */; };
		0A398A3D20229EBE00741F6D /* AppDelegate.swift in Sources */ = {isa = PBXBuildFile; fileRef = 0A398A3C20229EBE00741F6D /* AppDelegate.swift */; };
		0A398A4420229EBE00741F6D /* Assets.xcassets in Resources */ = {isa = PBXBuildFile; fileRef = 0A398A4320229EBE00741F6D /* Assets.xcassets */; };
		0A398A4720229EBE00741F6D /* LaunchScreen.storyboard in Resources */ = {isa = PBXBuildFile; fileRef = 0A398A4520229EBE00741F6D /* LaunchScreen.storyboard */; };
		0A398A5220229EBF00741F6D /* ToDoTests.swift in Sources */ = {isa = PBXBuildFile; fileRef = 0A398A5120229EBF00741F6D /* ToDoTests.swift */; };
		0A398A5D20229EBF00741F6D /* ToDoUITests.swift in Sources */ = {isa = PBXBuildFile; fileRef = 0A398A5C20229EBF00741F6D /* ToDoUITests.swift */; };
		0A398A6D2022A15F00741F6D /* AppComponent.swift in Sources */ = {isa = PBXBuildFile; fileRef = 0A398A6C2022A15F00741F6D /* AppComponent.swift */; };
		0A398A742022A1B700741F6D /* ListRouter.swift in Sources */ = {isa = PBXBuildFile; fileRef = 0A398A702022A1B700741F6D /* ListRouter.swift */; };
		0A398A752022A1B700741F6D /* ListViewController.swift in Sources */ = {isa = PBXBuildFile; fileRef = 0A398A712022A1B700741F6D /* ListViewController.swift */; };
		0A398A762022A1B700741F6D /* ListBuilder.swift in Sources */ = {isa = PBXBuildFile; fileRef = 0A398A722022A1B700741F6D /* ListBuilder.swift */; };
		0A398A772022A1B700741F6D /* ListInteractor.swift in Sources */ = {isa = PBXBuildFile; fileRef = 0A398A732022A1B700741F6D /* ListInteractor.swift */; };
		0A398A7A2022A39D00741F6D /* Item.swift in Sources */ = {isa = PBXBuildFile; fileRef = 0A398A792022A39D00741F6D /* Item.swift */; };
		0A398A7D2022A45400741F6D /* Date.swift in Sources */ = {isa = PBXBuildFile; fileRef = 0A398A7C2022A45400741F6D /* Date.swift */; };
		0A398A802022A4CD00741F6D /* ToDoService.swift in Sources */ = {isa = PBXBuildFile; fileRef = 0A398A7F2022A4CD00741F6D /* ToDoService.swift */; };
		0A398A842022A75400741F6D /* LoadingPresentable.swift in Sources */ = {isa = PBXBuildFile; fileRef = 0A398A832022A75400741F6D /* LoadingPresentable.swift */; };
		0A398A862022A88A00741F6D /* ItemViewModel.swift in Sources */ = {isa = PBXBuildFile; fileRef = 0A398A852022A88A00741F6D /* ItemViewModel.swift */; };
		0A398A8C2022AD2D00741F6D /* ItemCell.swift in Sources */ = {isa = PBXBuildFile; fileRef = 0A398A8A2022AD2D00741F6D /* ItemCell.swift */; };
		0A398A8D2022AD2D00741F6D /* ItemCell.xib in Resources */ = {isa = PBXBuildFile; fileRef = 0A398A8B2022AD2D00741F6D /* ItemCell.xib */; };
		0A398A972022C87A00741F6D /* ItemRouter.swift in Sources */ = {isa = PBXBuildFile; fileRef = 0A398A922022C87A00741F6D /* ItemRouter.swift */; };
		0A398A982022C87A00741F6D /* ItemViewController.swift in Sources */ = {isa = PBXBuildFile; fileRef = 0A398A932022C87A00741F6D /* ItemViewController.swift */; };
		0A398A992022C87A00741F6D /* ItemBuilder.swift in Sources */ = {isa = PBXBuildFile; fileRef = 0A398A942022C87A00741F6D /* ItemBuilder.swift */; };
		0A398A9A2022C87A00741F6D /* ItemInteractor.swift in Sources */ = {isa = PBXBuildFile; fileRef = 0A398A952022C87A00741F6D /* ItemInteractor.swift */; };
		0A398A9B2022C87A00741F6D /* ItemViewController.xib in Resources */ = {isa = PBXBuildFile; fileRef = 0A398A962022C87A00741F6D /* ItemViewController.xib */; };
		0A398A9D2022D7DD00741F6D /* Config.swift in Sources */ = {isa = PBXBuildFile; fileRef = 0A398A9C2022D7DD00741F6D /* Config.swift */; };
		0A398A9F2022D9A200741F6D /* ListComponent+Item.swift in Sources */ = {isa = PBXBuildFile; fileRef = 0A398A9E2022D9A200741F6D /* ListComponent+Item.swift */; };
		0A398AA52023139200741F6D /* RootRouter.swift in Sources */ = {isa = PBXBuildFile; fileRef = 0A398AA12023139200741F6D /* RootRouter.swift */; };
		0A398AA62023139200741F6D /* RootViewController.swift in Sources */ = {isa = PBXBuildFile; fileRef = 0A398AA22023139200741F6D /* RootViewController.swift */; };
		0A398AA72023139200741F6D /* RootBuilder.swift in Sources */ = {isa = PBXBuildFile; fileRef = 0A398AA32023139200741F6D /* RootBuilder.swift */; };
		0A398AA82023139200741F6D /* RootInteractor.swift in Sources */ = {isa = PBXBuildFile; fileRef = 0A398AA42023139200741F6D /* RootInteractor.swift */; };
		0A398AAB2023182800741F6D /* RootComponent+LoggedOut.swift in Sources */ = {isa = PBXBuildFile; fileRef = 0A398AA92023182800741F6D /* RootComponent+LoggedOut.swift */; };
		0A398AAC2023182800741F6D /* RootComponent+LoggedIn.swift in Sources */ = {isa = PBXBuildFile; fileRef = 0A398AAA2023182800741F6D /* RootComponent+LoggedIn.swift */; };
		0A398ABB2023188200741F6D /* LoggedOutViewController.swift in Sources */ = {isa = PBXBuildFile; fileRef = 0A398AAE2023188200741F6D /* LoggedOutViewController.swift */; };
		0A398ABC2023188200741F6D /* LoggedOutViewController.xib in Resources */ = {isa = PBXBuildFile; fileRef = 0A398AAF2023188200741F6D /* LoggedOutViewController.xib */; };
		0A398ABD2023188200741F6D /* LoggedOutInteractor.swift in Sources */ = {isa = PBXBuildFile; fileRef = 0A398AB02023188200741F6D /* LoggedOutInteractor.swift */; };
		0A398ABE2023188200741F6D /* LoggedOutBuilder.swift in Sources */ = {isa = PBXBuildFile; fileRef = 0A398AB12023188200741F6D /* LoggedOutBuilder.swift */; };
		0A398ABF2023188200741F6D /* LoggedOutRouter.swift in Sources */ = {isa = PBXBuildFile; fileRef = 0A398AB22023188200741F6D /* LoggedOutRouter.swift */; };
		0A398AC22023188200741F6D /* LoggedInBuilder.swift in Sources */ = {isa = PBXBuildFile; fileRef = 0A398AB62023188200741F6D /* LoggedInBuilder.swift */; };
		0A398AC32023188200741F6D /* LoggedInRouter.swift in Sources */ = {isa = PBXBuildFile; fileRef = 0A398AB72023188200741F6D /* LoggedInRouter.swift */; };
		0A398AC42023188200741F6D /* LoggedInInteractor.swift in Sources */ = {isa = PBXBuildFile; fileRef = 0A398AB82023188200741F6D /* LoggedInInteractor.swift */; };
		0A398ACC20231A6900741F6D /* DrawerViewController.swift in Sources */ = {isa = PBXBuildFile; fileRef = 0A398AC820231A6900741F6D /* DrawerViewController.swift */; };
		0A398ACD20231A6900741F6D /* DrawerInteractor.swift in Sources */ = {isa = PBXBuildFile; fileRef = 0A398AC920231A6900741F6D /* DrawerInteractor.swift */; };
		0A398ACE20231A6900741F6D /* DrawerRouter.swift in Sources */ = {isa = PBXBuildFile; fileRef = 0A398ACA20231A6900741F6D /* DrawerRouter.swift */; };
		0A398ACF20231A6900741F6D /* DrawerBuilder.swift in Sources */ = {isa = PBXBuildFile; fileRef = 0A398ACB20231A6900741F6D /* DrawerBuilder.swift */; };
		0A4DA10C6375B6A71BAA5334 /* Pods_ToDoUITests.framework in Frameworks */ = {isa = PBXBuildFile; fileRef = 6C62C235366A3AA92388A477 /* Pods_ToDoUITests.framework */; };
		53F42407639FAB86D89ECAD5 /* Pods_ToDo.framework in Frameworks */ = {isa = PBXBuildFile; fileRef = 916A48A5C900CAD5E6DBE4EA /* Pods_ToDo.framework */; };
/* End PBXBuildFile section */

/* Begin PBXContainerItemProxy section */
		0A398A4E20229EBF00741F6D /* PBXContainerItemProxy */ = {
			isa = PBXContainerItemProxy;
			containerPortal = 0A398A3120229EBE00741F6D /* Project object */;
			proxyType = 1;
			remoteGlobalIDString = 0A398A3820229EBE00741F6D;
			remoteInfo = ToDo;
		};
		0A398A5920229EBF00741F6D /* PBXContainerItemProxy */ = {
			isa = PBXContainerItemProxy;
			containerPortal = 0A398A3120229EBE00741F6D /* Project object */;
			proxyType = 1;
			remoteGlobalIDString = 0A398A3820229EBE00741F6D;
			remoteInfo = ToDo;
		};
/* End PBXContainerItemProxy section */

/* Begin PBXFileReference section */
		03605E0BDA10357A4A3F9F4D /* Pods-ToDo.release.xcconfig */ = {isa = PBXFileReference; includeInIndex = 1; lastKnownFileType = text.xcconfig; name = "Pods-ToDo.release.xcconfig"; path = "Pods/Target Support Files/Pods-ToDo/Pods-ToDo.release.xcconfig"; sourceTree = "<group>"; };
		0A0CF40020231EF20010892B /* LoggedInActionableItem.swift */ = {isa = PBXFileReference; fileEncoding = 4; lastKnownFileType = sourcecode.swift; path = LoggedInActionableItem.swift; sourceTree = "<group>"; };
		0A0CF40120231EF20010892B /* DrawerActionableItem.swift */ = {isa = PBXFileReference; fileEncoding = 4; lastKnownFileType = sourcecode.swift; path = DrawerActionableItem.swift; sourceTree = "<group>"; };
		0A0CF40220231EF20010892B /* RootActionableItem.swift */ = {isa = PBXFileReference; fileEncoding = 4; lastKnownFileType = sourcecode.swift; path = RootActionableItem.swift; sourceTree = "<group>"; };
		0A0CF40520231EF20010892B /* RootWorkflow.swift */ = {isa = PBXFileReference; fileEncoding = 4; lastKnownFileType = sourcecode.swift; path = RootWorkflow.swift; sourceTree = "<group>"; };
		0A0CF40720231EF20010892B /* DeeplinkWorkflow.swift */ = {isa = PBXFileReference; fileEncoding = 4; lastKnownFileType = sourcecode.swift; path = DeeplinkWorkflow.swift; sourceTree = "<group>"; };
		0A0CF40D20231FA60010892B /* UINavigationController.swift */ = {isa = PBXFileReference; lastKnownFileType = sourcecode.swift; path = UINavigationController.swift; sourceTree = "<group>"; };
		0A0CF40F202321530010892B /* LoggedInComponent+Drawer.swift */ = {isa = PBXFileReference; fileEncoding = 4; lastKnownFileType = sourcecode.swift; path = "LoggedInComponent+Drawer.swift"; sourceTree = "<group>"; };
		0A0CF411202324460010892B /* DrawerComponent+List.swift */ = {isa = PBXFileReference; lastKnownFileType = sourcecode.swift; path = "DrawerComponent+List.swift"; sourceTree = "<group>"; };
		0A0CF4142023D0940010892B /* MenuRouter.swift */ = {isa = PBXFileReference; lastKnownFileType = sourcecode.swift; path = MenuRouter.swift; sourceTree = "<group>"; };
		0A0CF4152023D0940010892B /* MenuViewController.swift */ = {isa = PBXFileReference; lastKnownFileType = sourcecode.swift; path = MenuViewController.swift; sourceTree = "<group>"; };
		0A0CF4162023D0940010892B /* MenuBuilder.swift */ = {isa = PBXFileReference; lastKnownFileType = sourcecode.swift; path = MenuBuilder.swift; sourceTree = "<group>"; };
		0A0CF4172023D0940010892B /* MenuInteractor.swift */ = {isa = PBXFileReference; lastKnownFileType = sourcecode.swift; path = MenuInteractor.swift; sourceTree = "<group>"; };
		0A0CF4182023D0940010892B /* MenuViewController.xib */ = {isa = PBXFileReference; lastKnownFileType = file.xib; path = MenuViewController.xib; sourceTree = "<group>"; };
		0A0CF41E2023D0B50010892B /* DrawerComponent+Menu.swift */ = {isa = PBXFileReference; lastKnownFileType = sourcecode.swift; path = "DrawerComponent+Menu.swift"; sourceTree = "<group>"; };
		0A0CF4202023D45B0010892B /* ListViewController.xib */ = {isa = PBXFileReference; lastKnownFileType = file.xib; path = ListViewController.xib; sourceTree = "<group>"; };
		0A0CF4222023DDCD0010892B /* ListActionableItem.swift */ = {isa = PBXFileReference; lastKnownFileType = sourcecode.swift; path = ListActionableItem.swift; sourceTree = "<group>"; };
		0A398A3920229EBE00741F6D /* ToDo.app */ = {isa = PBXFileReference; explicitFileType = wrapper.application; includeInIndex = 0; path = ToDo.app; sourceTree = BUILT_PRODUCTS_DIR; };
		0A398A3C20229EBE00741F6D /* AppDelegate.swift */ = {isa = PBXFileReference; lastKnownFileType = sourcecode.swift; path = AppDelegate.swift; sourceTree = "<group>"; };
		0A398A4320229EBE00741F6D /* Assets.xcassets */ = {isa = PBXFileReference; lastKnownFileType = folder.assetcatalog; path = Assets.xcassets; sourceTree = "<group>"; };
		0A398A4620229EBE00741F6D /* Base */ = {isa = PBXFileReference; lastKnownFileType = file.storyboard; name = Base; path = Base.lproj/LaunchScreen.storyboard; sourceTree = "<group>"; };
		0A398A4820229EBF00741F6D /* Info.plist */ = {isa = PBXFileReference; lastKnownFileType = text.plist.xml; path = Info.plist; sourceTree = "<group>"; };
		0A398A4D20229EBF00741F6D /* ToDoTests.xctest */ = {isa = PBXFileReference; explicitFileType = wrapper.cfbundle; includeInIndex = 0; path = ToDoTests.xctest; sourceTree = BUILT_PRODUCTS_DIR; };
		0A398A5120229EBF00741F6D /* ToDoTests.swift */ = {isa = PBXFileReference; lastKnownFileType = sourcecode.swift; path = ToDoTests.swift; sourceTree = "<group>"; };
		0A398A5320229EBF00741F6D /* Info.plist */ = {isa = PBXFileReference; lastKnownFileType = text.plist.xml; path = Info.plist; sourceTree = "<group>"; };
		0A398A5820229EBF00741F6D /* ToDoUITests.xctest */ = {isa = PBXFileReference; explicitFileType = wrapper.cfbundle; includeInIndex = 0; path = ToDoUITests.xctest; sourceTree = BUILT_PRODUCTS_DIR; };
		0A398A5C20229EBF00741F6D /* ToDoUITests.swift */ = {isa = PBXFileReference; lastKnownFileType = sourcecode.swift; path = ToDoUITests.swift; sourceTree = "<group>"; };
		0A398A5E20229EBF00741F6D /* Info.plist */ = {isa = PBXFileReference; lastKnownFileType = text.plist.xml; path = Info.plist; sourceTree = "<group>"; };
		0A398A6C2022A15F00741F6D /* AppComponent.swift */ = {isa = PBXFileReference; lastKnownFileType = sourcecode.swift; path = AppComponent.swift; sourceTree = "<group>"; };
		0A398A702022A1B700741F6D /* ListRouter.swift */ = {isa = PBXFileReference; lastKnownFileType = sourcecode.swift; path = ListRouter.swift; sourceTree = "<group>"; };
		0A398A712022A1B700741F6D /* ListViewController.swift */ = {isa = PBXFileReference; lastKnownFileType = sourcecode.swift; path = ListViewController.swift; sourceTree = "<group>"; };
		0A398A722022A1B700741F6D /* ListBuilder.swift */ = {isa = PBXFileReference; lastKnownFileType = sourcecode.swift; path = ListBuilder.swift; sourceTree = "<group>"; };
		0A398A732022A1B700741F6D /* ListInteractor.swift */ = {isa = PBXFileReference; lastKnownFileType = sourcecode.swift; path = ListInteractor.swift; sourceTree = "<group>"; };
		0A398A792022A39D00741F6D /* Item.swift */ = {isa = PBXFileReference; lastKnownFileType = sourcecode.swift; path = Item.swift; sourceTree = "<group>"; };
		0A398A7C2022A45400741F6D /* Date.swift */ = {isa = PBXFileReference; lastKnownFileType = sourcecode.swift; path = Date.swift; sourceTree = "<group>"; };
		0A398A7F2022A4CD00741F6D /* ToDoService.swift */ = {isa = PBXFileReference; lastKnownFileType = sourcecode.swift; path = ToDoService.swift; sourceTree = "<group>"; };
		0A398A832022A75400741F6D /* LoadingPresentable.swift */ = {isa = PBXFileReference; lastKnownFileType = sourcecode.swift; path = LoadingPresentable.swift; sourceTree = "<group>"; };
		0A398A852022A88A00741F6D /* ItemViewModel.swift */ = {isa = PBXFileReference; lastKnownFileType = sourcecode.swift; path = ItemViewModel.swift; sourceTree = "<group>"; };
		0A398A8A2022AD2D00741F6D /* ItemCell.swift */ = {isa = PBXFileReference; lastKnownFileType = sourcecode.swift; path = ItemCell.swift; sourceTree = "<group>"; };
		0A398A8B2022AD2D00741F6D /* ItemCell.xib */ = {isa = PBXFileReference; lastKnownFileType = file.xib; path = ItemCell.xib; sourceTree = "<group>"; };
		0A398A922022C87A00741F6D /* ItemRouter.swift */ = {isa = PBXFileReference; lastKnownFileType = sourcecode.swift; path = ItemRouter.swift; sourceTree = "<group>"; };
		0A398A932022C87A00741F6D /* ItemViewController.swift */ = {isa = PBXFileReference; lastKnownFileType = sourcecode.swift; path = ItemViewController.swift; sourceTree = "<group>"; };
		0A398A942022C87A00741F6D /* ItemBuilder.swift */ = {isa = PBXFileReference; lastKnownFileType = sourcecode.swift; path = ItemBuilder.swift; sourceTree = "<group>"; };
		0A398A952022C87A00741F6D /* ItemInteractor.swift */ = {isa = PBXFileReference; lastKnownFileType = sourcecode.swift; path = ItemInteractor.swift; sourceTree = "<group>"; };
		0A398A962022C87A00741F6D /* ItemViewController.xib */ = {isa = PBXFileReference; lastKnownFileType = file.xib; path = ItemViewController.xib; sourceTree = "<group>"; };
		0A398A9C2022D7DD00741F6D /* Config.swift */ = {isa = PBXFileReference; lastKnownFileType = sourcecode.swift; path = Config.swift; sourceTree = "<group>"; };
		0A398A9E2022D9A200741F6D /* ListComponent+Item.swift */ = {isa = PBXFileReference; lastKnownFileType = sourcecode.swift; path = "ListComponent+Item.swift"; sourceTree = "<group>"; };
		0A398AA12023139200741F6D /* RootRouter.swift */ = {isa = PBXFileReference; lastKnownFileType = sourcecode.swift; path = RootRouter.swift; sourceTree = "<group>"; };
		0A398AA22023139200741F6D /* RootViewController.swift */ = {isa = PBXFileReference; lastKnownFileType = sourcecode.swift; path = RootViewController.swift; sourceTree = "<group>"; };
		0A398AA32023139200741F6D /* RootBuilder.swift */ = {isa = PBXFileReference; lastKnownFileType = sourcecode.swift; path = RootBuilder.swift; sourceTree = "<group>"; };
		0A398AA42023139200741F6D /* RootInteractor.swift */ = {isa = PBXFileReference; lastKnownFileType = sourcecode.swift; path = RootInteractor.swift; sourceTree = "<group>"; };
		0A398AA92023182800741F6D /* RootComponent+LoggedOut.swift */ = {isa = PBXFileReference; fileEncoding = 4; lastKnownFileType = sourcecode.swift; path = "RootComponent+LoggedOut.swift"; sourceTree = "<group>"; };
		0A398AAA2023182800741F6D /* RootComponent+LoggedIn.swift */ = {isa = PBXFileReference; fileEncoding = 4; lastKnownFileType = sourcecode.swift; path = "RootComponent+LoggedIn.swift"; sourceTree = "<group>"; };
		0A398AAE2023188200741F6D /* LoggedOutViewController.swift */ = {isa = PBXFileReference; fileEncoding = 4; lastKnownFileType = sourcecode.swift; path = LoggedOutViewController.swift; sourceTree = "<group>"; };
		0A398AAF2023188200741F6D /* LoggedOutViewController.xib */ = {isa = PBXFileReference; fileEncoding = 4; lastKnownFileType = file.xib; path = LoggedOutViewController.xib; sourceTree = "<group>"; };
		0A398AB02023188200741F6D /* LoggedOutInteractor.swift */ = {isa = PBXFileReference; fileEncoding = 4; lastKnownFileType = sourcecode.swift; path = LoggedOutInteractor.swift; sourceTree = "<group>"; };
		0A398AB12023188200741F6D /* LoggedOutBuilder.swift */ = {isa = PBXFileReference; fileEncoding = 4; lastKnownFileType = sourcecode.swift; path = LoggedOutBuilder.swift; sourceTree = "<group>"; };
		0A398AB22023188200741F6D /* LoggedOutRouter.swift */ = {isa = PBXFileReference; fileEncoding = 4; lastKnownFileType = sourcecode.swift; path = LoggedOutRouter.swift; sourceTree = "<group>"; };
		0A398AB62023188200741F6D /* LoggedInBuilder.swift */ = {isa = PBXFileReference; fileEncoding = 4; lastKnownFileType = sourcecode.swift; path = LoggedInBuilder.swift; sourceTree = "<group>"; };
		0A398AB72023188200741F6D /* LoggedInRouter.swift */ = {isa = PBXFileReference; fileEncoding = 4; lastKnownFileType = sourcecode.swift; path = LoggedInRouter.swift; sourceTree = "<group>"; };
		0A398AB82023188200741F6D /* LoggedInInteractor.swift */ = {isa = PBXFileReference; fileEncoding = 4; lastKnownFileType = sourcecode.swift; path = LoggedInInteractor.swift; sourceTree = "<group>"; };
		0A398AC820231A6900741F6D /* DrawerViewController.swift */ = {isa = PBXFileReference; fileEncoding = 4; lastKnownFileType = sourcecode.swift; path = DrawerViewController.swift; sourceTree = "<group>"; };
		0A398AC920231A6900741F6D /* DrawerInteractor.swift */ = {isa = PBXFileReference; fileEncoding = 4; lastKnownFileType = sourcecode.swift; path = DrawerInteractor.swift; sourceTree = "<group>"; };
		0A398ACA20231A6900741F6D /* DrawerRouter.swift */ = {isa = PBXFileReference; fileEncoding = 4; lastKnownFileType = sourcecode.swift; path = DrawerRouter.swift; sourceTree = "<group>"; };
		0A398ACB20231A6900741F6D /* DrawerBuilder.swift */ = {isa = PBXFileReference; fileEncoding = 4; lastKnownFileType = sourcecode.swift; path = DrawerBuilder.swift; sourceTree = "<group>"; };
		100052882F75295A287FAA47 /* Pods-ToDoTests.debug.xcconfig */ = {isa = PBXFileReference; includeInIndex = 1; lastKnownFileType = text.xcconfig; name = "Pods-ToDoTests.debug.xcconfig"; path = "Pods/Target Support Files/Pods-ToDoTests/Pods-ToDoTests.debug.xcconfig"; sourceTree = "<group>"; };
		33B0C1192983C4F2C0FD30CF /* Pods-ToDoUITests.debug.xcconfig */ = {isa = PBXFileReference; includeInIndex = 1; lastKnownFileType = text.xcconfig; name = "Pods-ToDoUITests.debug.xcconfig"; path = "Pods/Target Support Files/Pods-ToDoUITests/Pods-ToDoUITests.debug.xcconfig"; sourceTree = "<group>"; };
		4671FC4DBBB94037D17F2066 /* Pods-ToDoUITests.release.xcconfig */ = {isa = PBXFileReference; includeInIndex = 1; lastKnownFileType = text.xcconfig; name = "Pods-ToDoUITests.release.xcconfig"; path = "Pods/Target Support Files/Pods-ToDoUITests/Pods-ToDoUITests.release.xcconfig"; sourceTree = "<group>"; };
		6C62C235366A3AA92388A477 /* Pods_ToDoUITests.framework */ = {isa = PBXFileReference; explicitFileType = wrapper.framework; includeInIndex = 0; path = Pods_ToDoUITests.framework; sourceTree = BUILT_PRODUCTS_DIR; };
		916A48A5C900CAD5E6DBE4EA /* Pods_ToDo.framework */ = {isa = PBXFileReference; explicitFileType = wrapper.framework; includeInIndex = 0; path = Pods_ToDo.framework; sourceTree = BUILT_PRODUCTS_DIR; };
		C4E4874F7ED8C2FBCB7BB86E /* Pods_ToDoTests.framework */ = {isa = PBXFileReference; explicitFileType = wrapper.framework; includeInIndex = 0; path = Pods_ToDoTests.framework; sourceTree = BUILT_PRODUCTS_DIR; };
		CE013D3E86FEFF3D06480E67 /* Pods-ToDo.debug.xcconfig */ = {isa = PBXFileReference; includeInIndex = 1; lastKnownFileType = text.xcconfig; name = "Pods-ToDo.debug.xcconfig"; path = "Pods/Target Support Files/Pods-ToDo/Pods-ToDo.debug.xcconfig"; sourceTree = "<group>"; };
		E9FA3507A60CD3E496C7878A /* Pods-ToDoTests.release.xcconfig */ = {isa = PBXFileReference; includeInIndex = 1; lastKnownFileType = text.xcconfig; name = "Pods-ToDoTests.release.xcconfig"; path = "Pods/Target Support Files/Pods-ToDoTests/Pods-ToDoTests.release.xcconfig"; sourceTree = "<group>"; };
/* End PBXFileReference section */

/* Begin PBXFrameworksBuildPhase section */
		0A398A3620229EBE00741F6D /* Frameworks */ = {
			isa = PBXFrameworksBuildPhase;
			buildActionMask = 2147483647;
			files = (
				53F42407639FAB86D89ECAD5 /* Pods_ToDo.framework in Frameworks */,
			);
			runOnlyForDeploymentPostprocessing = 0;
		};
		0A398A4A20229EBF00741F6D /* Frameworks */ = {
			isa = PBXFrameworksBuildPhase;
			buildActionMask = 2147483647;
			files = (
				054BB18E6B3628A601DCE50B /* Pods_ToDoTests.framework in Frameworks */,
			);
			runOnlyForDeploymentPostprocessing = 0;
		};
		0A398A5520229EBF00741F6D /* Frameworks */ = {
			isa = PBXFrameworksBuildPhase;
			buildActionMask = 2147483647;
			files = (
				0A4DA10C6375B6A71BAA5334 /* Pods_ToDoUITests.framework in Frameworks */,
			);
			runOnlyForDeploymentPostprocessing = 0;
		};
/* End PBXFrameworksBuildPhase section */

/* Begin PBXGroup section */
		0A0CF3FF20231EF20010892B /* ActionableItems */ = {
			isa = PBXGroup;
			children = (
				0A0CF40020231EF20010892B /* LoggedInActionableItem.swift */,
				0A0CF40120231EF20010892B /* DrawerActionableItem.swift */,
				0A0CF4222023DDCD0010892B /* ListActionableItem.swift */,
				0A0CF40220231EF20010892B /* RootActionableItem.swift */,
			);
			path = ActionableItems;
			sourceTree = "<group>";
		};
		0A0CF40320231EF20010892B /* Workflows */ = {
			isa = PBXGroup;
			children = (
				0A0CF40420231EF20010892B /* RootWorkflow */,
				0A0CF40620231EF20010892B /* DeeplinkWorkflow */,
			);
			path = Workflows;
			sourceTree = "<group>";
		};
		0A0CF40420231EF20010892B /* RootWorkflow */ = {
			isa = PBXGroup;
			children = (
				0A0CF40520231EF20010892B /* RootWorkflow.swift */,
			);
			path = RootWorkflow;
			sourceTree = "<group>";
		};
		0A0CF40620231EF20010892B /* DeeplinkWorkflow */ = {
			isa = PBXGroup;
			children = (
				0A0CF40720231EF20010892B /* DeeplinkWorkflow.swift */,
			);
			path = DeeplinkWorkflow;
			sourceTree = "<group>";
		};
		0A0CF4132023D0860010892B /* Menu */ = {
			isa = PBXGroup;
			children = (
				0A0CF4162023D0940010892B /* MenuBuilder.swift */,
				0A0CF4142023D0940010892B /* MenuRouter.swift */,
				0A0CF4172023D0940010892B /* MenuInteractor.swift */,
				0A0CF4152023D0940010892B /* MenuViewController.swift */,
				0A0CF4182023D0940010892B /* MenuViewController.xib */,
			);
			path = Menu;
			sourceTree = "<group>";
		};
		0A398A3020229EBE00741F6D = {
			isa = PBXGroup;
			children = (
				0A398A3B20229EBE00741F6D /* ToDo */,
				0A398A5020229EBF00741F6D /* ToDoTests */,
				0A398A5B20229EBF00741F6D /* ToDoUITests */,
				0A398A3A20229EBE00741F6D /* Products */,
				18A4E32003849CFD79BE49E0 /* Pods */,
				B5046D93DB3F818116951289 /* Frameworks */,
			);
			sourceTree = "<group>";
		};
		0A398A3A20229EBE00741F6D /* Products */ = {
			isa = PBXGroup;
			children = (
				0A398A3920229EBE00741F6D /* ToDo.app */,
				0A398A4D20229EBF00741F6D /* ToDoTests.xctest */,
				0A398A5820229EBF00741F6D /* ToDoUITests.xctest */,
			);
			name = Products;
			sourceTree = "<group>";
		};
		0A398A3B20229EBE00741F6D /* ToDo */ = {
			isa = PBXGroup;
			children = (
				0A398A6B20229EDD00741F6D /* App */,
				0A398A6E2022A18100741F6D /* RIBs */,
				0A398A892022AD0E00741F6D /* Views */,
				0A398A782022A38B00741F6D /* Models */,
				0A398A7E2022A4B100741F6D /* Services */,
				0A398A7B2022A44500741F6D /* Utils */,
				0A398A6A20229EC800741F6D /* Resources */,
			);
			path = ToDo;
			sourceTree = "<group>";
		};
		0A398A5020229EBF00741F6D /* ToDoTests */ = {
			isa = PBXGroup;
			children = (
				0A398A5120229EBF00741F6D /* ToDoTests.swift */,
				0A398A5320229EBF00741F6D /* Info.plist */,
			);
			path = ToDoTests;
			sourceTree = "<group>";
		};
		0A398A5B20229EBF00741F6D /* ToDoUITests */ = {
			isa = PBXGroup;
			children = (
				0A398A5C20229EBF00741F6D /* ToDoUITests.swift */,
				0A398A5E20229EBF00741F6D /* Info.plist */,
			);
			path = ToDoUITests;
			sourceTree = "<group>";
		};
		0A398A6A20229EC800741F6D /* Resources */ = {
			isa = PBXGroup;
			children = (
				0A398A4320229EBE00741F6D /* Assets.xcassets */,
				0A398A4520229EBE00741F6D /* LaunchScreen.storyboard */,
				0A398A4820229EBF00741F6D /* Info.plist */,
			);
			path = Resources;
			sourceTree = "<group>";
		};
		0A398A6B20229EDD00741F6D /* App */ = {
			isa = PBXGroup;
			children = (
				0A398A3C20229EBE00741F6D /* AppDelegate.swift */,
				0A398A6C2022A15F00741F6D /* AppComponent.swift */,
			);
			path = App;
			sourceTree = "<group>";
		};
		0A398A6E2022A18100741F6D /* RIBs */ = {
			isa = PBXGroup;
			children = (
				0A398A822022A74300741F6D /* Common */,
				0A398AA02023137100741F6D /* Root */,
				0A398AB32023188200741F6D /* LoggedIn */,
				0A398AAD2023188200741F6D /* LoggedOut */,
				0A398AC720231A6900741F6D /* Drawer */,
				0A0CF4132023D0860010892B /* Menu */,
				0A398A6F2022A18900741F6D /* List */,
				0A398A912022C86600741F6D /* Item */,
				0A0CF3FF20231EF20010892B /* ActionableItems */,
				0A0CF40320231EF20010892B /* Workflows */,
			);
			path = RIBs;
			sourceTree = "<group>";
		};
		0A398A6F2022A18900741F6D /* List */ = {
			isa = PBXGroup;
			children = (
				0A398A722022A1B700741F6D /* ListBuilder.swift */,
				0A398A702022A1B700741F6D /* ListRouter.swift */,
				0A398A732022A1B700741F6D /* ListInteractor.swift */,
				0A398A712022A1B700741F6D /* ListViewController.swift */,
				0A0CF4202023D45B0010892B /* ListViewController.xib */,
				0A398A9E2022D9A200741F6D /* ListComponent+Item.swift */,
			);
			path = List;
			sourceTree = "<group>";
		};
		0A398A782022A38B00741F6D /* Models */ = {
			isa = PBXGroup;
			children = (
				0A398A792022A39D00741F6D /* Item.swift */,
				0A398A852022A88A00741F6D /* ItemViewModel.swift */,
				0A398A9C2022D7DD00741F6D /* Config.swift */,
			);
			path = Models;
			sourceTree = "<group>";
		};
		0A398A7B2022A44500741F6D /* Utils */ = {
			isa = PBXGroup;
			children = (
				0A398A7C2022A45400741F6D /* Date.swift */,
			);
			path = Utils;
			sourceTree = "<group>";
		};
		0A398A7E2022A4B100741F6D /* Services */ = {
			isa = PBXGroup;
			children = (
				0A398A7F2022A4CD00741F6D /* ToDoService.swift */,
			);
			path = Services;
			sourceTree = "<group>";
		};
		0A398A822022A74300741F6D /* Common */ = {
			isa = PBXGroup;
			children = (
				0A398A832022A75400741F6D /* LoadingPresentable.swift */,
				0A0CF40D20231FA60010892B /* UINavigationController.swift */,
			);
			path = Common;
			sourceTree = "<group>";
		};
		0A398A892022AD0E00741F6D /* Views */ = {
			isa = PBXGroup;
			children = (
				0A398A8A2022AD2D00741F6D /* ItemCell.swift */,
				0A398A8B2022AD2D00741F6D /* ItemCell.xib */,
			);
			path = Views;
			sourceTree = "<group>";
		};
		0A398A912022C86600741F6D /* Item */ = {
			isa = PBXGroup;
			children = (
				0A398A942022C87A00741F6D /* ItemBuilder.swift */,
				0A398A922022C87A00741F6D /* ItemRouter.swift */,
				0A398A952022C87A00741F6D /* ItemInteractor.swift */,
				0A398A932022C87A00741F6D /* ItemViewController.swift */,
				0A398A962022C87A00741F6D /* ItemViewController.xib */,
			);
			path = Item;
			sourceTree = "<group>";
		};
		0A398AA02023137100741F6D /* Root */ = {
			isa = PBXGroup;
			children = (
				0A398AA32023139200741F6D /* RootBuilder.swift */,
				0A398AA12023139200741F6D /* RootRouter.swift */,
				0A398AA42023139200741F6D /* RootInteractor.swift */,
				0A398AA22023139200741F6D /* RootViewController.swift */,
				0A398AAA2023182800741F6D /* RootComponent+LoggedIn.swift */,
				0A398AA92023182800741F6D /* RootComponent+LoggedOut.swift */,
			);
			path = Root;
			sourceTree = "<group>";
		};
		0A398AAD2023188200741F6D /* LoggedOut */ = {
			isa = PBXGroup;
			children = (
				0A398AB12023188200741F6D /* LoggedOutBuilder.swift */,
				0A398AB22023188200741F6D /* LoggedOutRouter.swift */,
				0A398AB02023188200741F6D /* LoggedOutInteractor.swift */,
				0A398AAE2023188200741F6D /* LoggedOutViewController.swift */,
				0A398AAF2023188200741F6D /* LoggedOutViewController.xib */,
			);
			path = LoggedOut;
			sourceTree = "<group>";
		};
		0A398AB32023188200741F6D /* LoggedIn */ = {
			isa = PBXGroup;
			children = (
				0A398AB62023188200741F6D /* LoggedInBuilder.swift */,
				0A398AB72023188200741F6D /* LoggedInRouter.swift */,
				0A398AB82023188200741F6D /* LoggedInInteractor.swift */,
				0A0CF40F202321530010892B /* LoggedInComponent+Drawer.swift */,
			);
			path = LoggedIn;
			sourceTree = "<group>";
		};
		0A398AC720231A6900741F6D /* Drawer */ = {
			isa = PBXGroup;
			children = (
				0A398ACB20231A6900741F6D /* DrawerBuilder.swift */,
				0A398ACA20231A6900741F6D /* DrawerRouter.swift */,
				0A398AC920231A6900741F6D /* DrawerInteractor.swift */,
				0A398AC820231A6900741F6D /* DrawerViewController.swift */,
				0A0CF411202324460010892B /* DrawerComponent+List.swift */,
				0A0CF41E2023D0B50010892B /* DrawerComponent+Menu.swift */,
			);
			path = Drawer;
			sourceTree = "<group>";
		};
		18A4E32003849CFD79BE49E0 /* Pods */ = {
			isa = PBXGroup;
			children = (
				CE013D3E86FEFF3D06480E67 /* Pods-ToDo.debug.xcconfig */,
				03605E0BDA10357A4A3F9F4D /* Pods-ToDo.release.xcconfig */,
				100052882F75295A287FAA47 /* Pods-ToDoTests.debug.xcconfig */,
				E9FA3507A60CD3E496C7878A /* Pods-ToDoTests.release.xcconfig */,
				33B0C1192983C4F2C0FD30CF /* Pods-ToDoUITests.debug.xcconfig */,
				4671FC4DBBB94037D17F2066 /* Pods-ToDoUITests.release.xcconfig */,
			);
			name = Pods;
			sourceTree = "<group>";
		};
		B5046D93DB3F818116951289 /* Frameworks */ = {
			isa = PBXGroup;
			children = (
				916A48A5C900CAD5E6DBE4EA /* Pods_ToDo.framework */,
				C4E4874F7ED8C2FBCB7BB86E /* Pods_ToDoTests.framework */,
				6C62C235366A3AA92388A477 /* Pods_ToDoUITests.framework */,
			);
			name = Frameworks;
			sourceTree = "<group>";
		};
/* End PBXGroup section */

/* Begin PBXNativeTarget section */
		0A398A3820229EBE00741F6D /* ToDo */ = {
			isa = PBXNativeTarget;
			buildConfigurationList = 0A398A6120229EBF00741F6D /* Build configuration list for PBXNativeTarget "ToDo" */;
			buildPhases = (
				757A4E7E56EA4FB0AA9CC45A /* [CP] Check Pods Manifest.lock */,
				0A398A3520229EBE00741F6D /* Sources */,
				0A398A3620229EBE00741F6D /* Frameworks */,
				0A398A3720229EBE00741F6D /* Resources */,
				44F2F90FCE6F87CC29EA0CC4 /* [CP] Embed Pods Frameworks */,
			);
			buildRules = (
			);
			dependencies = (
			);
			name = ToDo;
			productName = ToDo;
			productReference = 0A398A3920229EBE00741F6D /* ToDo.app */;
			productType = "com.apple.product-type.application";
		};
		0A398A4C20229EBF00741F6D /* ToDoTests */ = {
			isa = PBXNativeTarget;
			buildConfigurationList = 0A398A6420229EBF00741F6D /* Build configuration list for PBXNativeTarget "ToDoTests" */;
			buildPhases = (
				E1602153A3D8468ED61169AB /* [CP] Check Pods Manifest.lock */,
				0A398A4920229EBF00741F6D /* Sources */,
				0A398A4A20229EBF00741F6D /* Frameworks */,
				0A398A4B20229EBF00741F6D /* Resources */,
			);
			buildRules = (
			);
			dependencies = (
				0A398A4F20229EBF00741F6D /* PBXTargetDependency */,
			);
			name = ToDoTests;
			productName = ToDoTests;
			productReference = 0A398A4D20229EBF00741F6D /* ToDoTests.xctest */;
			productType = "com.apple.product-type.bundle.unit-test";
		};
		0A398A5720229EBF00741F6D /* ToDoUITests */ = {
			isa = PBXNativeTarget;
			buildConfigurationList = 0A398A6720229EBF00741F6D /* Build configuration list for PBXNativeTarget "ToDoUITests" */;
			buildPhases = (
				39261D78BCE753E58A5015E2 /* [CP] Check Pods Manifest.lock */,
				0A398A5420229EBF00741F6D /* Sources */,
				0A398A5520229EBF00741F6D /* Frameworks */,
				0A398A5620229EBF00741F6D /* Resources */,
			);
			buildRules = (
			);
			dependencies = (
				0A398A5A20229EBF00741F6D /* PBXTargetDependency */,
			);
			name = ToDoUITests;
			productName = ToDoUITests;
			productReference = 0A398A5820229EBF00741F6D /* ToDoUITests.xctest */;
			productType = "com.apple.product-type.bundle.ui-testing";
		};
/* End PBXNativeTarget section */

/* Begin PBXProject section */
		0A398A3120229EBE00741F6D /* Project object */ = {
			isa = PBXProject;
			attributes = {
				LastSwiftUpdateCheck = 0920;
				LastUpgradeCheck = 0920;
				ORGANIZATIONNAME = Dev4Jam;
				TargetAttributes = {
					0A398A3820229EBE00741F6D = {
						CreatedOnToolsVersion = 9.2;
						ProvisioningStyle = Automatic;
					};
					0A398A4C20229EBF00741F6D = {
						CreatedOnToolsVersion = 9.2;
						ProvisioningStyle = Automatic;
						TestTargetID = 0A398A3820229EBE00741F6D;
					};
					0A398A5720229EBF00741F6D = {
						CreatedOnToolsVersion = 9.2;
						ProvisioningStyle = Automatic;
						TestTargetID = 0A398A3820229EBE00741F6D;
					};
				};
			};
			buildConfigurationList = 0A398A3420229EBE00741F6D /* Build configuration list for PBXProject "ToDo" */;
			compatibilityVersion = "Xcode 8.0";
			developmentRegion = en;
			hasScannedForEncodings = 0;
			knownRegions = (
				en,
				Base,
			);
			mainGroup = 0A398A3020229EBE00741F6D;
			productRefGroup = 0A398A3A20229EBE00741F6D /* Products */;
			projectDirPath = "";
			projectRoot = "";
			targets = (
				0A398A3820229EBE00741F6D /* ToDo */,
				0A398A4C20229EBF00741F6D /* ToDoTests */,
				0A398A5720229EBF00741F6D /* ToDoUITests */,
			);
		};
/* End PBXProject section */

/* Begin PBXResourcesBuildPhase section */
		0A398A3720229EBE00741F6D /* Resources */ = {
			isa = PBXResourcesBuildPhase;
			buildActionMask = 2147483647;
			files = (
				0A398ABC2023188200741F6D /* LoggedOutViewController.xib in Resources */,
				0A0CF41D2023D0940010892B /* MenuViewController.xib in Resources */,
				0A0CF4212023D45B0010892B /* ListViewController.xib in Resources */,
				0A398A4720229EBE00741F6D /* LaunchScreen.storyboard in Resources */,
				0A398A9B2022C87A00741F6D /* ItemViewController.xib in Resources */,
				0A398A4420229EBE00741F6D /* Assets.xcassets in Resources */,
				0A398A8D2022AD2D00741F6D /* ItemCell.xib in Resources */,
			);
			runOnlyForDeploymentPostprocessing = 0;
		};
		0A398A4B20229EBF00741F6D /* Resources */ = {
			isa = PBXResourcesBuildPhase;
			buildActionMask = 2147483647;
			files = (
			);
			runOnlyForDeploymentPostprocessing = 0;
		};
		0A398A5620229EBF00741F6D /* Resources */ = {
			isa = PBXResourcesBuildPhase;
			buildActionMask = 2147483647;
			files = (
			);
			runOnlyForDeploymentPostprocessing = 0;
		};
/* End PBXResourcesBuildPhase section */

/* Begin PBXShellScriptBuildPhase section */
		39261D78BCE753E58A5015E2 /* [CP] Check Pods Manifest.lock */ = {
			isa = PBXShellScriptBuildPhase;
			buildActionMask = 2147483647;
			files = (
			);
			inputPaths = (
				"${PODS_PODFILE_DIR_PATH}/Podfile.lock",
				"${PODS_ROOT}/Manifest.lock",
			);
			name = "[CP] Check Pods Manifest.lock";
			outputPaths = (
				"$(DERIVED_FILE_DIR)/Pods-ToDoUITests-checkManifestLockResult.txt",
			);
			runOnlyForDeploymentPostprocessing = 0;
			shellPath = /bin/sh;
			shellScript = "diff \"${PODS_PODFILE_DIR_PATH}/Podfile.lock\" \"${PODS_ROOT}/Manifest.lock\" > /dev/null\nif [ $? != 0 ] ; then\n    # print error to STDERR\n    echo \"error: The sandbox is not in sync with the Podfile.lock. Run 'pod install' or update your CocoaPods installation.\" >&2\n    exit 1\nfi\n# This output is used by Xcode 'outputs' to avoid re-running this script phase.\necho \"SUCCESS\" > \"${SCRIPT_OUTPUT_FILE_0}\"\n";
			showEnvVarsInLog = 0;
		};
		44F2F90FCE6F87CC29EA0CC4 /* [CP] Embed Pods Frameworks */ = {
			isa = PBXShellScriptBuildPhase;
			buildActionMask = 2147483647;
			files = (
			);
			inputPaths = (
				"${SRCROOT}/Pods/Target Support Files/Pods-ToDo/Pods-ToDo-frameworks.sh",
				"${BUILT_PRODUCTS_DIR}/DynamicButton/DynamicButton.framework",
				"${BUILT_PRODUCTS_DIR}/Eureka/Eureka.framework",
				"${BUILT_PRODUCTS_DIR}/IGListKit/IGListKit.framework",
				"${BUILT_PRODUCTS_DIR}/REFrostedViewController/REFrostedViewController.framework",
				"${BUILT_PRODUCTS_DIR}/RIBs/RIBs.framework",
				"${BUILT_PRODUCTS_DIR}/Realm/Realm.framework",
				"${BUILT_PRODUCTS_DIR}/RealmSwift/RealmSwift.framework",
				"${BUILT_PRODUCTS_DIR}/RxAtomic/RxAtomic.framework",
				"${BUILT_PRODUCTS_DIR}/RxCocoa/RxCocoa.framework",
				"${BUILT_PRODUCTS_DIR}/RxSwift/RxSwift.framework",
				"${BUILT_PRODUCTS_DIR}/SVProgressHUD/SVProgressHUD.framework",
				"${BUILT_PRODUCTS_DIR}/SnapKit/SnapKit.framework",
				"${BUILT_PRODUCTS_DIR}/TransitionButton/TransitionButton.framework",
			);
			name = "[CP] Embed Pods Frameworks";
			outputPaths = (
				"${TARGET_BUILD_DIR}/${FRAMEWORKS_FOLDER_PATH}/DynamicButton.framework",
				"${TARGET_BUILD_DIR}/${FRAMEWORKS_FOLDER_PATH}/Eureka.framework",
				"${TARGET_BUILD_DIR}/${FRAMEWORKS_FOLDER_PATH}/IGListKit.framework",
				"${TARGET_BUILD_DIR}/${FRAMEWORKS_FOLDER_PATH}/REFrostedViewController.framework",
				"${TARGET_BUILD_DIR}/${FRAMEWORKS_FOLDER_PATH}/RIBs.framework",
				"${TARGET_BUILD_DIR}/${FRAMEWORKS_FOLDER_PATH}/Realm.framework",
				"${TARGET_BUILD_DIR}/${FRAMEWORKS_FOLDER_PATH}/RealmSwift.framework",
				"${TARGET_BUILD_DIR}/${FRAMEWORKS_FOLDER_PATH}/RxAtomic.framework",
				"${TARGET_BUILD_DIR}/${FRAMEWORKS_FOLDER_PATH}/RxCocoa.framework",
				"${TARGET_BUILD_DIR}/${FRAMEWORKS_FOLDER_PATH}/RxSwift.framework",
				"${TARGET_BUILD_DIR}/${FRAMEWORKS_FOLDER_PATH}/SVProgressHUD.framework",
				"${TARGET_BUILD_DIR}/${FRAMEWORKS_FOLDER_PATH}/SnapKit.framework",
				"${TARGET_BUILD_DIR}/${FRAMEWORKS_FOLDER_PATH}/TransitionButton.framework",
			);
			runOnlyForDeploymentPostprocessing = 0;
			shellPath = /bin/sh;
			shellScript = "\"${SRCROOT}/Pods/Target Support Files/Pods-ToDo/Pods-ToDo-frameworks.sh\"\n";
			showEnvVarsInLog = 0;
		};
		757A4E7E56EA4FB0AA9CC45A /* [CP] Check Pods Manifest.lock */ = {
			isa = PBXShellScriptBuildPhase;
			buildActionMask = 2147483647;
			files = (
			);
			inputPaths = (
				"${PODS_PODFILE_DIR_PATH}/Podfile.lock",
				"${PODS_ROOT}/Manifest.lock",
			);
			name = "[CP] Check Pods Manifest.lock";
			outputPaths = (
				"$(DERIVED_FILE_DIR)/Pods-ToDo-checkManifestLockResult.txt",
			);
			runOnlyForDeploymentPostprocessing = 0;
			shellPath = /bin/sh;
			shellScript = "diff \"${PODS_PODFILE_DIR_PATH}/Podfile.lock\" \"${PODS_ROOT}/Manifest.lock\" > /dev/null\nif [ $? != 0 ] ; then\n    # print error to STDERR\n    echo \"error: The sandbox is not in sync with the Podfile.lock. Run 'pod install' or update your CocoaPods installation.\" >&2\n    exit 1\nfi\n# This output is used by Xcode 'outputs' to avoid re-running this script phase.\necho \"SUCCESS\" > \"${SCRIPT_OUTPUT_FILE_0}\"\n";
			showEnvVarsInLog = 0;
		};
		E1602153A3D8468ED61169AB /* [CP] Check Pods Manifest.lock */ = {
			isa = PBXShellScriptBuildPhase;
			buildActionMask = 2147483647;
			files = (
			);
			inputPaths = (
				"${PODS_PODFILE_DIR_PATH}/Podfile.lock",
				"${PODS_ROOT}/Manifest.lock",
			);
			name = "[CP] Check Pods Manifest.lock";
			outputPaths = (
				"$(DERIVED_FILE_DIR)/Pods-ToDoTests-checkManifestLockResult.txt",
			);
			runOnlyForDeploymentPostprocessing = 0;
			shellPath = /bin/sh;
			shellScript = "diff \"${PODS_PODFILE_DIR_PATH}/Podfile.lock\" \"${PODS_ROOT}/Manifest.lock\" > /dev/null\nif [ $? != 0 ] ; then\n    # print error to STDERR\n    echo \"error: The sandbox is not in sync with the Podfile.lock. Run 'pod install' or update your CocoaPods installation.\" >&2\n    exit 1\nfi\n# This output is used by Xcode 'outputs' to avoid re-running this script phase.\necho \"SUCCESS\" > \"${SCRIPT_OUTPUT_FILE_0}\"\n";
			showEnvVarsInLog = 0;
		};
/* End PBXShellScriptBuildPhase section */

/* Begin PBXSourcesBuildPhase section */
		0A398A3520229EBE00741F6D /* Sources */ = {
			isa = PBXSourcesBuildPhase;
			buildActionMask = 2147483647;
			files = (
				0A398A9F2022D9A200741F6D /* ListComponent+Item.swift in Sources */,
				0A398ABD2023188200741F6D /* LoggedOutInteractor.swift in Sources */,
				0A398ACF20231A6900741F6D /* DrawerBuilder.swift in Sources */,
				0A0CF410202321530010892B /* LoggedInComponent+Drawer.swift in Sources */,
				0A398A802022A4CD00741F6D /* ToDoService.swift in Sources */,
				0A398AA82023139200741F6D /* RootInteractor.swift in Sources */,
				0A398AA52023139200741F6D /* RootRouter.swift in Sources */,
				0A398AC22023188200741F6D /* LoggedInBuilder.swift in Sources */,
				0A0CF4232023DDCD0010892B /* ListActionableItem.swift in Sources */,
				0A398A772022A1B700741F6D /* ListInteractor.swift in Sources */,
				0A0CF40C20231EF20010892B /* DeeplinkWorkflow.swift in Sources */,
				0A398A742022A1B700741F6D /* ListRouter.swift in Sources */,
				0A0CF40820231EF20010892B /* LoggedInActionableItem.swift in Sources */,
				0A398A862022A88A00741F6D /* ItemViewModel.swift in Sources */,
				0A0CF41F2023D0B50010892B /* DrawerComponent+Menu.swift in Sources */,
				0A398A9D2022D7DD00741F6D /* Config.swift in Sources */,
				0A398A762022A1B700741F6D /* ListBuilder.swift in Sources */,
				0A398ABB2023188200741F6D /* LoggedOutViewController.swift in Sources */,
				0A398ABF2023188200741F6D /* LoggedOutRouter.swift in Sources */,
				0A398AA72023139200741F6D /* RootBuilder.swift in Sources */,
				0A0CF41C2023D0940010892B /* MenuInteractor.swift in Sources */,
				0A398AAC2023182800741F6D /* RootComponent+LoggedIn.swift in Sources */,
				0A398A842022A75400741F6D /* LoadingPresentable.swift in Sources */,
				0A398A7D2022A45400741F6D /* Date.swift in Sources */,
				0A398AA62023139200741F6D /* RootViewController.swift in Sources */,
				0A398A982022C87A00741F6D /* ItemViewController.swift in Sources */,
				0A398ABE2023188200741F6D /* LoggedOutBuilder.swift in Sources */,
				0A398AAB2023182800741F6D /* RootComponent+LoggedOut.swift in Sources */,
				0A398ACE20231A6900741F6D /* DrawerRouter.swift in Sources */,
				0A398A3D20229EBE00741F6D /* AppDelegate.swift in Sources */,
				0A0CF40920231EF20010892B /* DrawerActionableItem.swift in Sources */,
				0A398A9A2022C87A00741F6D /* ItemInteractor.swift in Sources */,
				0A398AC42023188200741F6D /* LoggedInInteractor.swift in Sources */,
				0A0CF40A20231EF20010892B /* RootActionableItem.swift in Sources */,
				0A0CF41A2023D0940010892B /* MenuViewController.swift in Sources */,
				0A0CF40E20231FA60010892B /* UINavigationController.swift in Sources */,
				0A398AC32023188200741F6D /* LoggedInRouter.swift in Sources */,
				0A398ACC20231A6900741F6D /* DrawerViewController.swift in Sources */,
				0A398A8C2022AD2D00741F6D /* ItemCell.swift in Sources */,
				0A0CF41B2023D0940010892B /* MenuBuilder.swift in Sources */,
				0A398A7A2022A39D00741F6D /* Item.swift in Sources */,
				0A398A752022A1B700741F6D /* ListViewController.swift in Sources */,
				0A398A992022C87A00741F6D /* ItemBuilder.swift in Sources */,
				0A0CF40B20231EF20010892B /* RootWorkflow.swift in Sources */,
				0A0CF412202324460010892B /* DrawerComponent+List.swift in Sources */,
				0A398A6D2022A15F00741F6D /* AppComponent.swift in Sources */,
				0A0CF4192023D0940010892B /* MenuRouter.swift in Sources */,
				0A398ACD20231A6900741F6D /* DrawerInteractor.swift in Sources */,
				0A398A972022C87A00741F6D /* ItemRouter.swift in Sources */,
			);
			runOnlyForDeploymentPostprocessing = 0;
		};
		0A398A4920229EBF00741F6D /* Sources */ = {
			isa = PBXSourcesBuildPhase;
			buildActionMask = 2147483647;
			files = (
				0A398A5220229EBF00741F6D /* ToDoTests.swift in Sources */,
			);
			runOnlyForDeploymentPostprocessing = 0;
		};
		0A398A5420229EBF00741F6D /* Sources */ = {
			isa = PBXSourcesBuildPhase;
			buildActionMask = 2147483647;
			files = (
				0A398A5D20229EBF00741F6D /* ToDoUITests.swift in Sources */,
			);
			runOnlyForDeploymentPostprocessing = 0;
		};
/* End PBXSourcesBuildPhase section */

/* Begin PBXTargetDependency section */
		0A398A4F20229EBF00741F6D /* PBXTargetDependency */ = {
			isa = PBXTargetDependency;
			target = 0A398A3820229EBE00741F6D /* ToDo */;
			targetProxy = 0A398A4E20229EBF00741F6D /* PBXContainerItemProxy */;
		};
		0A398A5A20229EBF00741F6D /* PBXTargetDependency */ = {
			isa = PBXTargetDependency;
			target = 0A398A3820229EBE00741F6D /* ToDo */;
			targetProxy = 0A398A5920229EBF00741F6D /* PBXContainerItemProxy */;
		};
/* End PBXTargetDependency section */

/* Begin PBXVariantGroup section */
		0A398A4520229EBE00741F6D /* LaunchScreen.storyboard */ = {
			isa = PBXVariantGroup;
			children = (
				0A398A4620229EBE00741F6D /* Base */,
			);
			name = LaunchScreen.storyboard;
			sourceTree = "<group>";
		};
/* End PBXVariantGroup section */

/* Begin XCBuildConfiguration section */
		0A398A5F20229EBF00741F6D /* Debug */ = {
			isa = XCBuildConfiguration;
			buildSettings = {
				ALWAYS_SEARCH_USER_PATHS = NO;
				CLANG_ANALYZER_NONNULL = YES;
				CLANG_ANALYZER_NUMBER_OBJECT_CONVERSION = YES_AGGRESSIVE;
				CLANG_CXX_LANGUAGE_STANDARD = "gnu++14";
				CLANG_CXX_LIBRARY = "libc++";
				CLANG_ENABLE_MODULES = YES;
				CLANG_ENABLE_OBJC_ARC = YES;
				CLANG_WARN_BLOCK_CAPTURE_AUTORELEASING = YES;
				CLANG_WARN_BOOL_CONVERSION = YES;
				CLANG_WARN_COMMA = YES;
				CLANG_WARN_CONSTANT_CONVERSION = YES;
				CLANG_WARN_DIRECT_OBJC_ISA_USAGE = YES_ERROR;
				CLANG_WARN_DOCUMENTATION_COMMENTS = YES;
				CLANG_WARN_EMPTY_BODY = YES;
				CLANG_WARN_ENUM_CONVERSION = YES;
				CLANG_WARN_INFINITE_RECURSION = YES;
				CLANG_WARN_INT_CONVERSION = YES;
				CLANG_WARN_NON_LITERAL_NULL_CONVERSION = YES;
				CLANG_WARN_OBJC_LITERAL_CONVERSION = YES;
				CLANG_WARN_OBJC_ROOT_CLASS = YES_ERROR;
				CLANG_WARN_RANGE_LOOP_ANALYSIS = YES;
				CLANG_WARN_STRICT_PROTOTYPES = YES;
				CLANG_WARN_SUSPICIOUS_MOVE = YES;
				CLANG_WARN_UNGUARDED_AVAILABILITY = YES_AGGRESSIVE;
				CLANG_WARN_UNREACHABLE_CODE = YES;
				CLANG_WARN__DUPLICATE_METHOD_MATCH = YES;
				CODE_SIGN_IDENTITY = "iPhone Developer";
				COPY_PHASE_STRIP = NO;
				DEBUG_INFORMATION_FORMAT = dwarf;
				ENABLE_STRICT_OBJC_MSGSEND = YES;
				ENABLE_TESTABILITY = YES;
				GCC_C_LANGUAGE_STANDARD = gnu11;
				GCC_DYNAMIC_NO_PIC = NO;
				GCC_NO_COMMON_BLOCKS = YES;
				GCC_OPTIMIZATION_LEVEL = 0;
				GCC_PREPROCESSOR_DEFINITIONS = (
					"DEBUG=1",
					"$(inherited)",
				);
				GCC_WARN_64_TO_32_BIT_CONVERSION = YES;
				GCC_WARN_ABOUT_RETURN_TYPE = YES_ERROR;
				GCC_WARN_UNDECLARED_SELECTOR = YES;
				GCC_WARN_UNINITIALIZED_AUTOS = YES_AGGRESSIVE;
				GCC_WARN_UNUSED_FUNCTION = YES;
				GCC_WARN_UNUSED_VARIABLE = YES;
				IPHONEOS_DEPLOYMENT_TARGET = 11.2;
				MTL_ENABLE_DEBUG_INFO = YES;
				ONLY_ACTIVE_ARCH = YES;
				SDKROOT = iphoneos;
				SWIFT_ACTIVE_COMPILATION_CONDITIONS = DEBUG;
				SWIFT_OPTIMIZATION_LEVEL = "-Onone";
			};
			name = Debug;
		};
		0A398A6020229EBF00741F6D /* Release */ = {
			isa = XCBuildConfiguration;
			buildSettings = {
				ALWAYS_SEARCH_USER_PATHS = NO;
				CLANG_ANALYZER_NONNULL = YES;
				CLANG_ANALYZER_NUMBER_OBJECT_CONVERSION = YES_AGGRESSIVE;
				CLANG_CXX_LANGUAGE_STANDARD = "gnu++14";
				CLANG_CXX_LIBRARY = "libc++";
				CLANG_ENABLE_MODULES = YES;
				CLANG_ENABLE_OBJC_ARC = YES;
				CLANG_WARN_BLOCK_CAPTURE_AUTORELEASING = YES;
				CLANG_WARN_BOOL_CONVERSION = YES;
				CLANG_WARN_COMMA = YES;
				CLANG_WARN_CONSTANT_CONVERSION = YES;
				CLANG_WARN_DIRECT_OBJC_ISA_USAGE = YES_ERROR;
				CLANG_WARN_DOCUMENTATION_COMMENTS = YES;
				CLANG_WARN_EMPTY_BODY = YES;
				CLANG_WARN_ENUM_CONVERSION = YES;
				CLANG_WARN_INFINITE_RECURSION = YES;
				CLANG_WARN_INT_CONVERSION = YES;
				CLANG_WARN_NON_LITERAL_NULL_CONVERSION = YES;
				CLANG_WARN_OBJC_LITERAL_CONVERSION = YES;
				CLANG_WARN_OBJC_ROOT_CLASS = YES_ERROR;
				CLANG_WARN_RANGE_LOOP_ANALYSIS = YES;
				CLANG_WARN_STRICT_PROTOTYPES = YES;
				CLANG_WARN_SUSPICIOUS_MOVE = YES;
				CLANG_WARN_UNGUARDED_AVAILABILITY = YES_AGGRESSIVE;
				CLANG_WARN_UNREACHABLE_CODE = YES;
				CLANG_WARN__DUPLICATE_METHOD_MATCH = YES;
				CODE_SIGN_IDENTITY = "iPhone Developer";
				COPY_PHASE_STRIP = NO;
				DEBUG_INFORMATION_FORMAT = "dwarf-with-dsym";
				ENABLE_NS_ASSERTIONS = NO;
				ENABLE_STRICT_OBJC_MSGSEND = YES;
				GCC_C_LANGUAGE_STANDARD = gnu11;
				GCC_NO_COMMON_BLOCKS = YES;
				GCC_WARN_64_TO_32_BIT_CONVERSION = YES;
				GCC_WARN_ABOUT_RETURN_TYPE = YES_ERROR;
				GCC_WARN_UNDECLARED_SELECTOR = YES;
				GCC_WARN_UNINITIALIZED_AUTOS = YES_AGGRESSIVE;
				GCC_WARN_UNUSED_FUNCTION = YES;
				GCC_WARN_UNUSED_VARIABLE = YES;
				IPHONEOS_DEPLOYMENT_TARGET = 11.2;
				MTL_ENABLE_DEBUG_INFO = NO;
				SDKROOT = iphoneos;
				SWIFT_OPTIMIZATION_LEVEL = "-Owholemodule";
				VALIDATE_PRODUCT = YES;
			};
			name = Release;
		};
		0A398A6220229EBF00741F6D /* Debug */ = {
			isa = XCBuildConfiguration;
			baseConfigurationReference = CE013D3E86FEFF3D06480E67 /* Pods-ToDo.debug.xcconfig */;
			buildSettings = {
				ASSETCATALOG_COMPILER_APPICON_NAME = AppIcon;
				CODE_SIGN_STYLE = Automatic;
				INFOPLIST_FILE = "$(SRCROOT)/ToDo/Resources/Info.plist";
				LD_RUNPATH_SEARCH_PATHS = "$(inherited) @executable_path/Frameworks";
				PRODUCT_BUNDLE_IDENTIFIER = "au.com.dev4jam-todo-ios";
				PRODUCT_NAME = "$(TARGET_NAME)";
				SWIFT_VERSION = 4.0;
				TARGETED_DEVICE_FAMILY = "1,2";
			};
			name = Debug;
		};
		0A398A6320229EBF00741F6D /* Release */ = {
			isa = XCBuildConfiguration;
			baseConfigurationReference = 03605E0BDA10357A4A3F9F4D /* Pods-ToDo.release.xcconfig */;
			buildSettings = {
				ASSETCATALOG_COMPILER_APPICON_NAME = AppIcon;
				CODE_SIGN_STYLE = Automatic;
				INFOPLIST_FILE = "$(SRCROOT)/ToDo/Resources/Info.plist";
				LD_RUNPATH_SEARCH_PATHS = "$(inherited) @executable_path/Frameworks";
				PRODUCT_BUNDLE_IDENTIFIER = "au.com.dev4jam-todo-ios";
				PRODUCT_NAME = "$(TARGET_NAME)";
				SWIFT_VERSION = 4.0;
				TARGETED_DEVICE_FAMILY = "1,2";
			};
			name = Release;
		};
		0A398A6520229EBF00741F6D /* Debug */ = {
			isa = XCBuildConfiguration;
			baseConfigurationReference = 100052882F75295A287FAA47 /* Pods-ToDoTests.debug.xcconfig */;
			buildSettings = {
				ALWAYS_EMBED_SWIFT_STANDARD_LIBRARIES = YES;
				BUNDLE_LOADER = "$(TEST_HOST)";
				CODE_SIGN_STYLE = Automatic;
				INFOPLIST_FILE = ToDoTests/Info.plist;
				LD_RUNPATH_SEARCH_PATHS = "$(inherited) @executable_path/Frameworks @loader_path/Frameworks";
				PRODUCT_BUNDLE_IDENTIFIER = "au.com.westpac.todo-ios.ToDoTests";
				PRODUCT_NAME = "$(TARGET_NAME)";
				SWIFT_VERSION = 4.0;
				TARGETED_DEVICE_FAMILY = "1,2";
				TEST_HOST = "$(BUILT_PRODUCTS_DIR)/ToDo.app/ToDo";
			};
			name = Debug;
		};
		0A398A6620229EBF00741F6D /* Release */ = {
			isa = XCBuildConfiguration;
			baseConfigurationReference = E9FA3507A60CD3E496C7878A /* Pods-ToDoTests.release.xcconfig */;
			buildSettings = {
				ALWAYS_EMBED_SWIFT_STANDARD_LIBRARIES = YES;
				BUNDLE_LOADER = "$(TEST_HOST)";
				CODE_SIGN_STYLE = Automatic;
				INFOPLIST_FILE = ToDoTests/Info.plist;
				LD_RUNPATH_SEARCH_PATHS = "$(inherited) @executable_path/Frameworks @loader_path/Frameworks";
				PRODUCT_BUNDLE_IDENTIFIER = "au.com.westpac.todo-ios.ToDoTests";
				PRODUCT_NAME = "$(TARGET_NAME)";
				SWIFT_VERSION = 4.0;
				TARGETED_DEVICE_FAMILY = "1,2";
				TEST_HOST = "$(BUILT_PRODUCTS_DIR)/ToDo.app/ToDo";
			};
			name = Release;
		};
		0A398A6820229EBF00741F6D /* Debug */ = {
			isa = XCBuildConfiguration;
			baseConfigurationReference = 33B0C1192983C4F2C0FD30CF /* Pods-ToDoUITests.debug.xcconfig */;
			buildSettings = {
				ALWAYS_EMBED_SWIFT_STANDARD_LIBRARIES = YES;
				CODE_SIGN_STYLE = Automatic;
				INFOPLIST_FILE = ToDoUITests/Info.plist;
				LD_RUNPATH_SEARCH_PATHS = "$(inherited) @executable_path/Frameworks @loader_path/Frameworks";
				PRODUCT_BUNDLE_IDENTIFIER = "au.com.westpac.todo-ios.ToDoUITests";
				PRODUCT_NAME = "$(TARGET_NAME)";
				SWIFT_VERSION = 4.0;
				TARGETED_DEVICE_FAMILY = "1,2";
				TEST_TARGET_NAME = ToDo;
			};
			name = Debug;
		};
		0A398A6920229EBF00741F6D /* Release */ = {
			isa = XCBuildConfiguration;
			baseConfigurationReference = 4671FC4DBBB94037D17F2066 /* Pods-ToDoUITests.release.xcconfig */;
			buildSettings = {
				ALWAYS_EMBED_SWIFT_STANDARD_LIBRARIES = YES;
				CODE_SIGN_STYLE = Automatic;
				INFOPLIST_FILE = ToDoUITests/Info.plist;
				LD_RUNPATH_SEARCH_PATHS = "$(inherited) @executable_path/Frameworks @loader_path/Frameworks";
				PRODUCT_BUNDLE_IDENTIFIER = "au.com.westpac.todo-ios.ToDoUITests";
				PRODUCT_NAME = "$(TARGET_NAME)";
				SWIFT_VERSION = 4.0;
				TARGETED_DEVICE_FAMILY = "1,2";
				TEST_TARGET_NAME = ToDo;
			};
			name = Release;
		};
/* End XCBuildConfiguration section */

/* Begin XCConfigurationList section */
		0A398A3420229EBE00741F6D /* Build configuration list for PBXProject "ToDo" */ = {
			isa = XCConfigurationList;
			buildConfigurations = (
				0A398A5F20229EBF00741F6D /* Debug */,
				0A398A6020229EBF00741F6D /* Release */,
			);
			defaultConfigurationIsVisible = 0;
			defaultConfigurationName = Release;
		};
		0A398A6120229EBF00741F6D /* Build configuration list for PBXNativeTarget "ToDo" */ = {
			isa = XCConfigurationList;
			buildConfigurations = (
				0A398A6220229EBF00741F6D /* Debug */,
				0A398A6320229EBF00741F6D /* Release */,
			);
			defaultConfigurationIsVisible = 0;
			defaultConfigurationName = Release;
		};
		0A398A6420229EBF00741F6D /* Build configuration list for PBXNativeTarget "ToDoTests" */ = {
			isa = XCConfigurationList;
			buildConfigurations = (
				0A398A6520229EBF00741F6D /* Debug */,
				0A398A6620229EBF00741F6D /* Release */,
			);
			defaultConfigurationIsVisible = 0;
			defaultConfigurationName = Release;
		};
		0A398A6720229EBF00741F6D /* Build configuration list for PBXNativeTarget "ToDoUITests" */ = {
			isa = XCConfigurationList;
			buildConfigurations = (
				0A398A6820229EBF00741F6D /* Debug */,
				0A398A6920229EBF00741F6D /* Release */,
			);
			defaultConfigurationIsVisible = 0;
			defaultConfigurationName = Release;
		};
/* End XCConfigurationList section */
	};
	rootObject = 0A398A3120229EBE00741F6D /* Project object */;
}
